
Microsoft Visual Studio Solution File, Format Version 12.00
# Visual Studio 15
VisualStudioVersion = 15.0.28307.168
MinimumVisualStudioVersion = 10.0.40219.1
Project("{FAE04EC0-301F-11D3-BF4B-00C04F79EFBC}") = "BookingApp", "BookingApp\BookingApp.csproj", "{1C635B09-F9F3-4160-8197-435EE9F312AA}"
EndProject
Global
	GlobalSection(SolutionConfigurationPlatforms) = preSolution
		Debug|Any CPU = Debug|Any CPU
		Release|Any CPU = Release|Any CPU
	EndGlobalSection
	GlobalSection(ProjectConfigurationPlatforms) = postSolution
		{1C635B09-F9F3-4160-8197-435EE9F312AA}.Debug|Any CPU.ActiveCfg = Debug|Any CPU
		{1C635B09-F9F3-4160-8197-435EE9F312AA}.Debug|Any CPU.Build.0 = Debug|Any CPU
		{1C635B09-F9F3-4160-8197-435EE9F312AA}.Release|Any CPU.ActiveCfg = Release|Any CPU
		{1C635B09-F9F3-4160-8197-435EE9F312AA}.Release|Any CPU.Build.0 = Release|Any CPU
	EndGlobalSection
	GlobalSection(SolutionProperties) = preSolution
		HideSolutionNode = FALSE
	EndGlobalSection
	GlobalSection(ExtensibilityGlobals) = postSolution
		SolutionGuid = {37401593-82FB-4017-8CB2-606F2C3147F6}
	EndGlobalSection
EndGlobal
