# THIS IS AN AUTOGENERATED FILE. DO NOT EDIT THIS FILE DIRECTLY.
# yarn lockfile v1


"@mat-datetimepicker/core@1":
  version "1.0.5"
  resolved "https://registry.yarnpkg.com/@mat-datetimepicker/core/-/core-1.0.5.tgz#6d16363aa2d0fda4d31116342264604683b38b7f"
  integrity sha1-bRY2OqLQ/aTTERY0ImRgRoOzi38=
